
Microsoft Visual Studio Solution File, Format Version 12.00
# Visual Studio Version 17
VisualStudioVersion = 17.2.32630.192
MinimumVisualStudioVersion = 10.0.40219.1
Project("{9A19103F-16F7-4668-BE54-9A1E7A4F7556}") = "R5T.T0231.Construction", "R5T.T0231.Construction\R5T.T0231.Construction.csproj", "{6A7350B7-DCF2-46C9-82D0-C15DA7733CE1}"
EndProject
Project("{9A19103F-16F7-4668-BE54-9A1E7A4F7556}") = "R5T.T0231", "R5T.T0231\R5T.T0231.csproj", "{6497254E-8FEC-4940-807A-F0F5BA023288}"
EndProject
Global
	GlobalSection(SolutionConfigurationPlatforms) = preSolution
		Debug|Any CPU = Debug|Any CPU
		Release|Any CPU = Release|Any CPU
	EndGlobalSection
	GlobalSection(ProjectConfigurationPlatforms) = postSolution
		{6A7350B7-DCF2-46C9-82D0-C15DA7733CE1}.Debug|Any CPU.ActiveCfg = Debug|Any CPU
		{6A7350B7-DCF2-46C9-82D0-C15DA7733CE1}.Debug|Any CPU.Build.0 = Debug|Any CPU
		{6A7350B7-DCF2-46C9-82D0-C15DA7733CE1}.Release|Any CPU.ActiveCfg = Release|Any CPU
		{6A7350B7-DCF2-46C9-82D0-C15DA7733CE1}.Release|Any CPU.Build.0 = Release|Any CPU
		{6497254E-8FEC-4940-807A-F0F5BA023288}.Debug|Any CPU.ActiveCfg = Debug|Any CPU
		{6497254E-8FEC-4940-807A-F0F5BA023288}.Debug|Any CPU.Build.0 = Debug|Any CPU
		{6497254E-8FEC-4940-807A-F0F5BA023288}.Release|Any CPU.ActiveCfg = Release|Any CPU
		{6497254E-8FEC-4940-807A-F0F5BA023288}.Release|Any CPU.Build.0 = Release|Any CPU
	EndGlobalSection
	GlobalSection(SolutionProperties) = preSolution
		HideSolutionNode = FALSE
	EndGlobalSection
	GlobalSection(ExtensibilityGlobals) = postSolution
		SolutionGuid = {DF7C86F9-156C-451C-A68B-90C902BA7739}
	EndGlobalSection
EndGlobal
