
Microsoft Visual Studio Solution File, Format Version 12.00
# Visual Studio Version 17
VisualStudioVersion = 17.2.32630.192
MinimumVisualStudioVersion = 10.0.40219.1
Project("{9A19103F-16F7-4668-BE54-9A1E7A4F7556}") = "R5T.T0231.Construction", "R5T.T0231.Construction\R5T.T0231.Construction.csproj", "{6A7350B7-DCF2-46C9-82D0-C15DA7733CE1}"
EndProject
Project("{9A19103F-16F7-4668-BE54-9A1E7A4F7556}") = "R5T.T0231", "R5T.T0231\R5T.T0231.csproj", "{6497254E-8FEC-4940-807A-F0F5BA023288}"
EndProject
Project("{2150E333-8FDC-42A3-9474-1A3956D46DE8}") = "_Dependencies", "_Dependencies", "{217E67B0-207C-4A3C-9A9D-1F54C0829AF2}"
EndProject
Project("{9A19103F-16F7-4668-BE54-9A1E7A4F7556}") = "R5T.T0132", "..\..\R5T.T0132\source\R5T.T0132\R5T.T0132.csproj", "{33626235-7C16-4C25-AC5F-F9F889B00757}"
EndProject
Project("{9A19103F-16F7-4668-BE54-9A1E7A4F7556}") = "R5T.T0142", "..\..\R5T.T0142\source\R5T.T0142\R5T.T0142.csproj", "{005CE4BD-9D9B-4BC3-B022-4329380158BA}"
EndProject
Project("{9A19103F-16F7-4668-BE54-9A1E7A4F7556}") = "R5T.T0143", "..\..\R5T.T0143\source\R5T.T0143\R5T.T0143.csproj", "{CF75EA36-3B5E-4A11-B412-0BE98CAAAAF6}"
EndProject
Project("{9A19103F-16F7-4668-BE54-9A1E7A4F7556}") = "R5T.T0178", "..\..\R5T.T0178\source\R5T.T0178\R5T.T0178.csproj", "{59FD2A4E-67B0-46B4-8CBE-4F2636C6A498}"
EndProject
Project("{9A19103F-16F7-4668-BE54-9A1E7A4F7556}") = "R5T.T0179", "..\..\R5T.T0179\source\R5T.T0179\R5T.T0179.csproj", "{AA4027DC-9710-4C13-9C3F-EF95CA15764D}"
EndProject
Global
	GlobalSection(NestedProjects) = preSolution
		{33626235-7C16-4C25-AC5F-F9F889B00757} = {217E67B0-207C-4A3C-9A9D-1F54C0829AF2}
		{005CE4BD-9D9B-4BC3-B022-4329380158BA} = {217E67B0-207C-4A3C-9A9D-1F54C0829AF2}
		{CF75EA36-3B5E-4A11-B412-0BE98CAAAAF6} = {217E67B0-207C-4A3C-9A9D-1F54C0829AF2}
		{59FD2A4E-67B0-46B4-8CBE-4F2636C6A498} = {217E67B0-207C-4A3C-9A9D-1F54C0829AF2}
		{AA4027DC-9710-4C13-9C3F-EF95CA15764D} = {217E67B0-207C-4A3C-9A9D-1F54C0829AF2}
	EndGlobalSection
	GlobalSection(SolutionConfigurationPlatforms) = preSolution
		Debug|Any CPU = Debug|Any CPU
		Release|Any CPU = Release|Any CPU
	EndGlobalSection
	GlobalSection(ProjectConfigurationPlatforms) = postSolution
		{6A7350B7-DCF2-46C9-82D0-C15DA7733CE1}.Debug|Any CPU.ActiveCfg = Debug|Any CPU
		{6A7350B7-DCF2-46C9-82D0-C15DA7733CE1}.Debug|Any CPU.Build.0 = Debug|Any CPU
		{6A7350B7-DCF2-46C9-82D0-C15DA7733CE1}.Release|Any CPU.ActiveCfg = Release|Any CPU
		{6A7350B7-DCF2-46C9-82D0-C15DA7733CE1}.Release|Any CPU.Build.0 = Release|Any CPU
		{6497254E-8FEC-4940-807A-F0F5BA023288}.Debug|Any CPU.ActiveCfg = Debug|Any CPU
		{6497254E-8FEC-4940-807A-F0F5BA023288}.Debug|Any CPU.Build.0 = Debug|Any CPU
		{6497254E-8FEC-4940-807A-F0F5BA023288}.Release|Any CPU.ActiveCfg = Release|Any CPU
		{6497254E-8FEC-4940-807A-F0F5BA023288}.Release|Any CPU.Build.0 = Release|Any CPU
		{33626235-7C16-4C25-AC5F-F9F889B00757}.Debug|Any CPU.ActiveCfg = Debug|Any CPU
		{33626235-7C16-4C25-AC5F-F9F889B00757}.Debug|Any CPU.Build.0 = Debug|Any CPU
		{33626235-7C16-4C25-AC5F-F9F889B00757}.Release|Any CPU.ActiveCfg = Release|Any CPU
		{33626235-7C16-4C25-AC5F-F9F889B00757}.Release|Any CPU.Build.0 = Release|Any CPU
		{005CE4BD-9D9B-4BC3-B022-4329380158BA}.Debug|Any CPU.ActiveCfg = Debug|Any CPU
		{005CE4BD-9D9B-4BC3-B022-4329380158BA}.Debug|Any CPU.Build.0 = Debug|Any CPU
		{005CE4BD-9D9B-4BC3-B022-4329380158BA}.Release|Any CPU.ActiveCfg = Release|Any CPU
		{005CE4BD-9D9B-4BC3-B022-4329380158BA}.Release|Any CPU.Build.0 = Release|Any CPU
		{CF75EA36-3B5E-4A11-B412-0BE98CAAAAF6}.Debug|Any CPU.ActiveCfg = Debug|Any CPU
		{CF75EA36-3B5E-4A11-B412-0BE98CAAAAF6}.Debug|Any CPU.Build.0 = Debug|Any CPU
		{CF75EA36-3B5E-4A11-B412-0BE98CAAAAF6}.Release|Any CPU.ActiveCfg = Release|Any CPU
		{CF75EA36-3B5E-4A11-B412-0BE98CAAAAF6}.Release|Any CPU.Build.0 = Release|Any CPU
		{59FD2A4E-67B0-46B4-8CBE-4F2636C6A498}.Debug|Any CPU.ActiveCfg = Debug|Any CPU
		{59FD2A4E-67B0-46B4-8CBE-4F2636C6A498}.Debug|Any CPU.Build.0 = Debug|Any CPU
		{59FD2A4E-67B0-46B4-8CBE-4F2636C6A498}.Release|Any CPU.ActiveCfg = Release|Any CPU
		{59FD2A4E-67B0-46B4-8CBE-4F2636C6A498}.Release|Any CPU.Build.0 = Release|Any CPU
		{AA4027DC-9710-4C13-9C3F-EF95CA15764D}.Debug|Any CPU.ActiveCfg = Debug|Any CPU
		{AA4027DC-9710-4C13-9C3F-EF95CA15764D}.Debug|Any CPU.Build.0 = Debug|Any CPU
		{AA4027DC-9710-4C13-9C3F-EF95CA15764D}.Release|Any CPU.ActiveCfg = Release|Any CPU
		{AA4027DC-9710-4C13-9C3F-EF95CA15764D}.Release|Any CPU.Build.0 = Release|Any CPU
	EndGlobalSection
	GlobalSection(SolutionProperties) = preSolution
		HideSolutionNode = FALSE
	EndGlobalSection
	GlobalSection(ExtensibilityGlobals) = postSolution
		SolutionGuid = {DF7C86F9-156C-451C-A68B-90C902BA7739}
	EndGlobalSection
EndGlobal
